
Microsoft Visual Studio Solution File, Format Version 12.00
# Visual Studio Version 17
VisualStudioVersion = 17.2.32616.157
MinimumVisualStudioVersion = 10.0.40219.1
Project("{FAE04EC0-301F-11D3-BF4B-00C04F79EFBC}") = "C4test", "C4test\C4test.csproj", "{38A407FF-BA9E-4B60-96FA-8EF741BB655D}"
EndProject
Global
	GlobalSection(SolutionConfigurationPlatforms) = preSolution
		Debug|Any CPU = Debug|Any CPU
		Release|Any CPU = Release|Any CPU
	EndGlobalSection
	GlobalSection(ProjectConfigurationPlatforms) = postSolution
		{38A407FF-BA9E-4B60-96FA-8EF741BB655D}.Debug|Any CPU.ActiveCfg = Debug|Any CPU
		{38A407FF-BA9E-4B60-96FA-8EF741BB655D}.Debug|Any CPU.Build.0 = Debug|Any CPU
		{38A407FF-BA9E-4B60-96FA-8EF741BB655D}.Release|Any CPU.ActiveCfg = Release|Any CPU
		{38A407FF-BA9E-4B60-96FA-8EF741BB655D}.Release|Any CPU.Build.0 = Release|Any CPU
	EndGlobalSection
	GlobalSection(SolutionProperties) = preSolution
		HideSolutionNode = FALSE
	EndGlobalSection
	GlobalSection(ExtensibilityGlobals) = postSolution
		SolutionGuid = {E911073E-B0E0-47AB-BCEA-3F6A66D4DAA2}
	EndGlobalSection
EndGlobal
